// !$*UTF8*$!
{
	archiveVersion = 1;
	classes = {
	};
	objectVersion = 46;
	objects = {

/* Begin PBXBuildFile section */
		0046408215590E0B007E5FA9 /* VSVocabularyViewController.m in Sources */ = {isa = PBXBuildFile; fileRef = 0046408015590E0B007E5FA9 /* VSVocabularyViewController.m */; };
		0046408315590E0B007E5FA9 /* VSVocabularyViewController.xib in Resources */ = {isa = PBXBuildFile; fileRef = 0046408115590E0B007E5FA9 /* VSVocabularyViewController.xib */; };
		0046408415591251007E5FA9 /* VSVocabularyViewController.m in Sources */ = {isa = PBXBuildFile; fileRef = 0046408015590E0B007E5FA9 /* VSVocabularyViewController.m */; };
		0046408D155916FA007E5FA9 /* VSMainMenuViewController.m in Sources */ = {isa = PBXBuildFile; fileRef = 0046408B155916FA007E5FA9 /* VSMainMenuViewController.m */; };
		0046408E155916FA007E5FA9 /* VSMainMenuViewController.xib in Resources */ = {isa = PBXBuildFile; fileRef = 0046408C155916FA007E5FA9 /* VSMainMenuViewController.xib */; };
		0046409115591DBD007E5FA9 /* VSUtils.m in Sources */ = {isa = PBXBuildFile; fileRef = 0046409015591DBD007E5FA9 /* VSUtils.m */; };
		0046409215591DBD007E5FA9 /* VSUtils.m in Sources */ = {isa = PBXBuildFile; fileRef = 0046409015591DBD007E5FA9 /* VSUtils.m */; };
		0046409315591FD1007E5FA9 /* VSVocabularyViewController.xib in Resources */ = {isa = PBXBuildFile; fileRef = 0046408115590E0B007E5FA9 /* VSVocabularyViewController.xib */; };
		00701E301553CBCE00D30018 /* UIKit.framework in Frameworks */ = {isa = PBXBuildFile; fileRef = 00701E2F1553CBCE00D30018 /* UIKit.framework */; };
		00701E321553CBCE00D30018 /* Foundation.framework in Frameworks */ = {isa = PBXBuildFile; fileRef = 00701E311553CBCE00D30018 /* Foundation.framework */; };
		00701E341553CBCE00D30018 /* CoreGraphics.framework in Frameworks */ = {isa = PBXBuildFile; fileRef = 00701E331553CBCE00D30018 /* CoreGraphics.framework */; };
		00701E361553CBCE00D30018 /* CoreData.framework in Frameworks */ = {isa = PBXBuildFile; fileRef = 00701E351553CBCE00D30018 /* CoreData.framework */; };
		00701E3C1553CBCE00D30018 /* InfoPlist.strings in Resources */ = {isa = PBXBuildFile; fileRef = 00701E3A1553CBCE00D30018 /* InfoPlist.strings */; };
		00701E3E1553CBCE00D30018 /* main.m in Sources */ = {isa = PBXBuildFile; fileRef = 00701E3D1553CBCE00D30018 /* main.m */; };
		00701E421553CBCE00D30018 /* VSAppDelegate.m in Sources */ = {isa = PBXBuildFile; fileRef = 00701E411553CBCE00D30018 /* VSAppDelegate.m */; };
		00701E451553CBCE00D30018 /* VocabularySishu.xcdatamodeld in Sources */ = {isa = PBXBuildFile; fileRef = 00701E431553CBCE00D30018 /* VocabularySishu.xcdatamodeld */; };
		00701E4D1553CBCE00D30018 /* SenTestingKit.framework in Frameworks */ = {isa = PBXBuildFile; fileRef = 00701E4C1553CBCE00D30018 /* SenTestingKit.framework */; };
		00701E4E1553CBCE00D30018 /* UIKit.framework in Frameworks */ = {isa = PBXBuildFile; fileRef = 00701E2F1553CBCE00D30018 /* UIKit.framework */; };
		00701E4F1553CBCE00D30018 /* Foundation.framework in Frameworks */ = {isa = PBXBuildFile; fileRef = 00701E311553CBCE00D30018 /* Foundation.framework */; };
		00701E501553CBCE00D30018 /* CoreData.framework in Frameworks */ = {isa = PBXBuildFile; fileRef = 00701E351553CBCE00D30018 /* CoreData.framework */; };
		00701E581553CBCE00D30018 /* InfoPlist.strings in Resources */ = {isa = PBXBuildFile; fileRef = 00701E561553CBCE00D30018 /* InfoPlist.strings */; };
		00701E5B1553CBCE00D30018 /* VocabularySishuTests.m in Sources */ = {isa = PBXBuildFile; fileRef = 00701E5A1553CBCE00D30018 /* VocabularySishuTests.m */; };
		0073A67615688B5100B80422 /* navigationbar.png in Resources */ = {isa = PBXBuildFile; fileRef = 0073A67515688B5100B80422 /* navigationbar.png */; };
		0073A67915688F2800B80422 /* VSDataUtil.m in Sources */ = {isa = PBXBuildFile; fileRef = 0073A67815688F2800B80422 /* VSDataUtil.m */; };
		0073A68515689E2200B80422 /* Repos.txt in Resources */ = {isa = PBXBuildFile; fileRef = 0073A68415689E2200B80422 /* Repos.txt */; };
		0073A6961568A0B200B80422 /* NSObject+SBJSON.m in Sources */ = {isa = PBXBuildFile; fileRef = 0073A68B1568A0B200B80422 /* NSObject+SBJSON.m */; settings = {COMPILER_FLAGS = "-fno-objc-arc"; }; };
		0073A6971568A0B200B80422 /* NSString+SBJSON.m in Sources */ = {isa = PBXBuildFile; fileRef = 0073A68D1568A0B200B80422 /* NSString+SBJSON.m */; settings = {COMPILER_FLAGS = "-fno-objc-arc"; }; };
		0073A6981568A0B200B80422 /* SBJSON.m in Sources */ = {isa = PBXBuildFile; fileRef = 0073A68F1568A0B200B80422 /* SBJSON.m */; settings = {COMPILER_FLAGS = "-fno-objc-arc"; }; };
		0073A6991568A0B200B80422 /* SBJsonBase.m in Sources */ = {isa = PBXBuildFile; fileRef = 0073A6911568A0B200B80422 /* SBJsonBase.m */; settings = {COMPILER_FLAGS = "-fno-objc-arc"; }; };
		0073A69A1568A0B200B80422 /* SBJsonParser.m in Sources */ = {isa = PBXBuildFile; fileRef = 0073A6931568A0B200B80422 /* SBJsonParser.m */; settings = {COMPILER_FLAGS = "-fno-objc-arc"; }; };
		0073A69B1568A0B200B80422 /* SBJsonWriter.m in Sources */ = {isa = PBXBuildFile; fileRef = 0073A6951568A0B200B80422 /* SBJsonWriter.m */; settings = {COMPILER_FLAGS = "-fno-objc-arc"; }; };
		0073A69E1568A30900B80422 /* Repository.m in Sources */ = {isa = PBXBuildFile; fileRef = 0073A69D1568A30900B80422 /* Repository.m */; };
		0073A6A21568D02100B80422 /* List.m in Sources */ = {isa = PBXBuildFile; fileRef = 0073A6A11568D02100B80422 /* List.m */; };
		0073A6A51568D03B00B80422 /* Vocabulary.m in Sources */ = {isa = PBXBuildFile; fileRef = 0073A6A41568D03B00B80422 /* Vocabulary.m */; };
		0073A6A71569F0D200B80422 /* Lists.txt in Resources */ = {isa = PBXBuildFile; fileRef = 0073A6A61569F0D200B80422 /* Lists.txt */; };
		00B5A8C01566889B00D20EB6 /* retina-navigationbar.png in Resources */ = {isa = PBXBuildFile; fileRef = 00B5A8BF1566889B00D20EB6 /* retina-navigationbar.png */; };
/* End PBXBuildFile section */

/* Begin PBXContainerItemProxy section */
		00701E511553CBCE00D30018 /* PBXContainerItemProxy */ = {
			isa = PBXContainerItemProxy;
			containerPortal = 00701E221553CBCE00D30018 /* Project object */;
			proxyType = 1;
			remoteGlobalIDString = 00701E2A1553CBCE00D30018;
			remoteInfo = VocabularySishu;
		};
/* End PBXContainerItemProxy section */

/* Begin PBXFileReference section */
		0046407F15590E0B007E5FA9 /* VSVocabularyViewController.h */ = {isa = PBXFileReference; fileEncoding = 4; lastKnownFileType = sourcecode.c.h; name = VSVocabularyViewController.h; path = ViewController/VocabularyView/VSVocabularyViewController.h; sourceTree = "<group>"; };
		0046408015590E0B007E5FA9 /* VSVocabularyViewController.m */ = {isa = PBXFileReference; fileEncoding = 4; lastKnownFileType = sourcecode.c.objc; name = VSVocabularyViewController.m; path = ViewController/VocabularyView/VSVocabularyViewController.m; sourceTree = "<group>"; };
		0046408115590E0B007E5FA9 /* VSVocabularyViewController.xib */ = {isa = PBXFileReference; fileEncoding = 4; lastKnownFileType = file.xib; name = VSVocabularyViewController.xib; path = ViewController/VocabularyView/VSVocabularyViewController.xib; sourceTree = "<group>"; };
		0046408A155916FA007E5FA9 /* VSMainMenuViewController.h */ = {isa = PBXFileReference; fileEncoding = 4; lastKnownFileType = sourcecode.c.h; name = VSMainMenuViewController.h; path = ViewController/MainView/VSMainMenuViewController.h; sourceTree = "<group>"; };
		0046408B155916FA007E5FA9 /* VSMainMenuViewController.m */ = {isa = PBXFileReference; fileEncoding = 4; lastKnownFileType = sourcecode.c.objc; name = VSMainMenuViewController.m; path = ViewController/MainView/VSMainMenuViewController.m; sourceTree = "<group>"; };
		0046408C155916FA007E5FA9 /* VSMainMenuViewController.xib */ = {isa = PBXFileReference; fileEncoding = 4; lastKnownFileType = file.xib; name = VSMainMenuViewController.xib; path = ViewController/MainView/VSMainMenuViewController.xib; sourceTree = "<group>"; };
		0046408F15591DBD007E5FA9 /* VSUtils.h */ = {isa = PBXFileReference; fileEncoding = 4; lastKnownFileType = sourcecode.c.h; name = VSUtils.h; path = Utils/VSUtils.h; sourceTree = "<group>"; };
		0046409015591DBD007E5FA9 /* VSUtils.m */ = {isa = PBXFileReference; fileEncoding = 4; lastKnownFileType = sourcecode.c.objc; name = VSUtils.m; path = Utils/VSUtils.m; sourceTree = "<group>"; };
		00701E2B1553CBCE00D30018 /* VocabularySishu.app */ = {isa = PBXFileReference; explicitFileType = wrapper.application; includeInIndex = 0; path = VocabularySishu.app; sourceTree = BUILT_PRODUCTS_DIR; };
		00701E2F1553CBCE00D30018 /* UIKit.framework */ = {isa = PBXFileReference; lastKnownFileType = wrapper.framework; name = UIKit.framework; path = System/Library/Frameworks/UIKit.framework; sourceTree = SDKROOT; };
		00701E311553CBCE00D30018 /* Foundation.framework */ = {isa = PBXFileReference; lastKnownFileType = wrapper.framework; name = Foundation.framework; path = System/Library/Frameworks/Foundation.framework; sourceTree = SDKROOT; };
		00701E331553CBCE00D30018 /* CoreGraphics.framework */ = {isa = PBXFileReference; lastKnownFileType = wrapper.framework; name = CoreGraphics.framework; path = System/Library/Frameworks/CoreGraphics.framework; sourceTree = SDKROOT; };
		00701E351553CBCE00D30018 /* CoreData.framework */ = {isa = PBXFileReference; lastKnownFileType = wrapper.framework; name = CoreData.framework; path = System/Library/Frameworks/CoreData.framework; sourceTree = SDKROOT; };
		00701E391553CBCE00D30018 /* VocabularySishu-Info.plist */ = {isa = PBXFileReference; lastKnownFileType = text.plist.xml; path = "VocabularySishu-Info.plist"; sourceTree = "<group>"; };
		00701E3B1553CBCE00D30018 /* en */ = {isa = PBXFileReference; lastKnownFileType = text.plist.strings; name = en; path = en.lproj/InfoPlist.strings; sourceTree = "<group>"; };
		00701E3D1553CBCE00D30018 /* main.m */ = {isa = PBXFileReference; lastKnownFileType = sourcecode.c.objc; path = main.m; sourceTree = "<group>"; };
		00701E3F1553CBCE00D30018 /* VocabularySishu-Prefix.pch */ = {isa = PBXFileReference; lastKnownFileType = sourcecode.c.h; path = "VocabularySishu-Prefix.pch"; sourceTree = "<group>"; };
		00701E401553CBCE00D30018 /* VSAppDelegate.h */ = {isa = PBXFileReference; lastKnownFileType = sourcecode.c.h; path = VSAppDelegate.h; sourceTree = "<group>"; };
		00701E411553CBCE00D30018 /* VSAppDelegate.m */ = {isa = PBXFileReference; lastKnownFileType = sourcecode.c.objc; path = VSAppDelegate.m; sourceTree = "<group>"; };
		00701E441553CBCE00D30018 /* VocabularySishu.xcdatamodel */ = {isa = PBXFileReference; lastKnownFileType = wrapper.xcdatamodel; path = VocabularySishu.xcdatamodel; sourceTree = "<group>"; };
		00701E4B1553CBCE00D30018 /* VocabularySishuTests.octest */ = {isa = PBXFileReference; explicitFileType = wrapper.cfbundle; includeInIndex = 0; path = VocabularySishuTests.octest; sourceTree = BUILT_PRODUCTS_DIR; };
		00701E4C1553CBCE00D30018 /* SenTestingKit.framework */ = {isa = PBXFileReference; lastKnownFileType = wrapper.framework; name = SenTestingKit.framework; path = Library/Frameworks/SenTestingKit.framework; sourceTree = DEVELOPER_DIR; };
		00701E551553CBCE00D30018 /* VocabularySishuTests-Info.plist */ = {isa = PBXFileReference; lastKnownFileType = text.plist.xml; path = "VocabularySishuTests-Info.plist"; sourceTree = "<group>"; };
		00701E571553CBCE00D30018 /* en */ = {isa = PBXFileReference; lastKnownFileType = text.plist.strings; name = en; path = en.lproj/InfoPlist.strings; sourceTree = "<group>"; };
		00701E591553CBCE00D30018 /* VocabularySishuTests.h */ = {isa = PBXFileReference; lastKnownFileType = sourcecode.c.h; path = VocabularySishuTests.h; sourceTree = "<group>"; };
		00701E5A1553CBCE00D30018 /* VocabularySishuTests.m */ = {isa = PBXFileReference; lastKnownFileType = sourcecode.c.objc; path = VocabularySishuTests.m; sourceTree = "<group>"; };
		0073A67515688B5100B80422 /* navigationbar.png */ = {isa = PBXFileReference; lastKnownFileType = image.png; name = navigationbar.png; path = Resources/Img/navigationbar.png; sourceTree = "<group>"; };
		0073A67715688F2800B80422 /* VSDataUtil.h */ = {isa = PBXFileReference; fileEncoding = 4; lastKnownFileType = sourcecode.c.h; path = VSDataUtil.h; sourceTree = "<group>"; };
		0073A67815688F2800B80422 /* VSDataUtil.m */ = {isa = PBXFileReference; fileEncoding = 4; lastKnownFileType = sourcecode.c.objc; path = VSDataUtil.m; sourceTree = "<group>"; };
		0073A68415689E2200B80422 /* Repos.txt */ = {isa = PBXFileReference; fileEncoding = 4; lastKnownFileType = text; name = Repos.txt; path = Resources/Data/Repos.txt; sourceTree = "<group>"; };
		0073A6891568A0B200B80422 /* JSON.h */ = {isa = PBXFileReference; fileEncoding = 4; lastKnownFileType = sourcecode.c.h; path = JSON.h; sourceTree = "<group>"; };
		0073A68A1568A0B200B80422 /* NSObject+SBJSON.h */ = {isa = PBXFileReference; fileEncoding = 4; lastKnownFileType = sourcecode.c.h; path = "NSObject+SBJSON.h"; sourceTree = "<group>"; };
		0073A68B1568A0B200B80422 /* NSObject+SBJSON.m */ = {isa = PBXFileReference; fileEncoding = 4; lastKnownFileType = sourcecode.c.objc; path = "NSObject+SBJSON.m"; sourceTree = "<group>"; };
		0073A68C1568A0B200B80422 /* NSString+SBJSON.h */ = {isa = PBXFileReference; fileEncoding = 4; lastKnownFileType = sourcecode.c.h; path = "NSString+SBJSON.h"; sourceTree = "<group>"; };
		0073A68D1568A0B200B80422 /* NSString+SBJSON.m */ = {isa = PBXFileReference; fileEncoding = 4; lastKnownFileType = sourcecode.c.objc; path = "NSString+SBJSON.m"; sourceTree = "<group>"; };
		0073A68E1568A0B200B80422 /* SBJSON.h */ = {isa = PBXFileReference; fileEncoding = 4; lastKnownFileType = sourcecode.c.h; path = SBJSON.h; sourceTree = "<group>"; };
		0073A68F1568A0B200B80422 /* SBJSON.m */ = {isa = PBXFileReference; fileEncoding = 4; lastKnownFileType = sourcecode.c.objc; path = SBJSON.m; sourceTree = "<group>"; };
		0073A6901568A0B200B80422 /* SBJsonBase.h */ = {isa = PBXFileReference; fileEncoding = 4; lastKnownFileType = sourcecode.c.h; path = SBJsonBase.h; sourceTree = "<group>"; };
		0073A6911568A0B200B80422 /* SBJsonBase.m */ = {isa = PBXFileReference; fileEncoding = 4; lastKnownFileType = sourcecode.c.objc; path = SBJsonBase.m; sourceTree = "<group>"; };
		0073A6921568A0B200B80422 /* SBJsonParser.h */ = {isa = PBXFileReference; fileEncoding = 4; lastKnownFileType = sourcecode.c.h; path = SBJsonParser.h; sourceTree = "<group>"; };
		0073A6931568A0B200B80422 /* SBJsonParser.m */ = {isa = PBXFileReference; fileEncoding = 4; lastKnownFileType = sourcecode.c.objc; path = SBJsonParser.m; sourceTree = "<group>"; };
		0073A6941568A0B200B80422 /* SBJsonWriter.h */ = {isa = PBXFileReference; fileEncoding = 4; lastKnownFileType = sourcecode.c.h; path = SBJsonWriter.h; sourceTree = "<group>"; };
		0073A6951568A0B200B80422 /* SBJsonWriter.m */ = {isa = PBXFileReference; fileEncoding = 4; lastKnownFileType = sourcecode.c.objc; path = SBJsonWriter.m; sourceTree = "<group>"; };
		0073A69C1568A30900B80422 /* Repository.h */ = {isa = PBXFileReference; fileEncoding = 4; lastKnownFileType = sourcecode.c.h; name = Repository.h; path = Model/Repository.h; sourceTree = "<group>"; };
		0073A69D1568A30900B80422 /* Repository.m */ = {isa = PBXFileReference; fileEncoding = 4; lastKnownFileType = sourcecode.c.objc; name = Repository.m; path = Model/Repository.m; sourceTree = "<group>"; };
		0073A6A01568D02100B80422 /* List.h */ = {isa = PBXFileReference; fileEncoding = 4; lastKnownFileType = sourcecode.c.h; name = List.h; path = Model/List.h; sourceTree = "<group>"; };
		0073A6A11568D02100B80422 /* List.m */ = {isa = PBXFileReference; fileEncoding = 4; lastKnownFileType = sourcecode.c.objc; name = List.m; path = Model/List.m; sourceTree = "<group>"; };
		0073A6A31568D03B00B80422 /* Vocabulary.h */ = {isa = PBXFileReference; fileEncoding = 4; lastKnownFileType = sourcecode.c.h; name = Vocabulary.h; path = Model/Vocabulary.h; sourceTree = "<group>"; };
		0073A6A41568D03B00B80422 /* Vocabulary.m */ = {isa = PBXFileReference; fileEncoding = 4; lastKnownFileType = sourcecode.c.objc; name = Vocabulary.m; path = Model/Vocabulary.m; sourceTree = "<group>"; };
		0073A6A61569F0D200B80422 /* Lists.txt */ = {isa = PBXFileReference; fileEncoding = 4; lastKnownFileType = text; name = Lists.txt; path = Resources/Data/Lists.txt; sourceTree = "<group>"; };
		00B5A8BF1566889B00D20EB6 /* retina-navigationbar.png */ = {isa = PBXFileReference; lastKnownFileType = image.png; name = "retina-navigationbar.png"; path = "Resources/Img/retina-navigationbar.png"; sourceTree = "<group>"; };
/* End PBXFileReference section */

/* Begin PBXFrameworksBuildPhase section */
		00701E281553CBCE00D30018 /* Frameworks */ = {
			isa = PBXFrameworksBuildPhase;
			buildActionMask = 2147483647;
			files = (
				00701E301553CBCE00D30018 /* UIKit.framework in Frameworks */,
				00701E321553CBCE00D30018 /* Foundation.framework in Frameworks */,
				00701E341553CBCE00D30018 /* CoreGraphics.framework in Frameworks */,
				00701E361553CBCE00D30018 /* CoreData.framework in Frameworks */,
			);
			runOnlyForDeploymentPostprocessing = 0;
		};
		00701E471553CBCE00D30018 /* Frameworks */ = {
			isa = PBXFrameworksBuildPhase;
			buildActionMask = 2147483647;
			files = (
				00701E4D1553CBCE00D30018 /* SenTestingKit.framework in Frameworks */,
				00701E4E1553CBCE00D30018 /* UIKit.framework in Frameworks */,
				00701E4F1553CBCE00D30018 /* Foundation.framework in Frameworks */,
				00701E501553CBCE00D30018 /* CoreData.framework in Frameworks */,
			);
			runOnlyForDeploymentPostprocessing = 0;
		};
/* End PBXFrameworksBuildPhase section */

/* Begin PBXGroup section */
		000B08961553D58E00E7A850 /* Utils */ = {
			isa = PBXGroup;
			children = (
				0046408F15591DBD007E5FA9 /* VSUtils.h */,
				0046409015591DBD007E5FA9 /* VSUtils.m */,
				0073A67715688F2800B80422 /* VSDataUtil.h */,
				0073A67815688F2800B80422 /* VSDataUtil.m */,
			);
			name = Utils;
			sourceTree = "<group>";
		};
		0046407715590CC8007E5FA9 /* MainView */ = {
			isa = PBXGroup;
			children = (
				0046408A155916FA007E5FA9 /* VSMainMenuViewController.h */,
				0046408B155916FA007E5FA9 /* VSMainMenuViewController.m */,
				0046408C155916FA007E5FA9 /* VSMainMenuViewController.xib */,
			);
			name = MainView;
			sourceTree = "<group>";
		};
		0046407E15590DD2007E5FA9 /* VocabularyView */ = {
			isa = PBXGroup;
			children = (
				0046407F15590E0B007E5FA9 /* VSVocabularyViewController.h */,
				0046408015590E0B007E5FA9 /* VSVocabularyViewController.m */,
				0046408115590E0B007E5FA9 /* VSVocabularyViewController.xib */,
			);
			name = VocabularyView;
			sourceTree = "<group>";
		};
		00701E201553CBCE00D30018 = {
			isa = PBXGroup;
			children = (
				00701E371553CBCE00D30018 /* VocabularySishu */,
				00701E531553CBCE00D30018 /* VocabularySishuTests */,
				00701E2E1553CBCE00D30018 /* Frameworks */,
				00701E2C1553CBCE00D30018 /* Products */,
			);
			sourceTree = "<group>";
		};
		00701E2C1553CBCE00D30018 /* Products */ = {
			isa = PBXGroup;
			children = (
				00701E2B1553CBCE00D30018 /* VocabularySishu.app */,
				00701E4B1553CBCE00D30018 /* VocabularySishuTests.octest */,
			);
			name = Products;
			sourceTree = "<group>";
		};
		00701E2E1553CBCE00D30018 /* Frameworks */ = {
			isa = PBXGroup;
			children = (
				00701E2F1553CBCE00D30018 /* UIKit.framework */,
				00701E311553CBCE00D30018 /* Foundation.framework */,
				00701E331553CBCE00D30018 /* CoreGraphics.framework */,
				00701E351553CBCE00D30018 /* CoreData.framework */,
				00701E4C1553CBCE00D30018 /* SenTestingKit.framework */,
			);
			name = Frameworks;
			sourceTree = "<group>";
		};
		00701E371553CBCE00D30018 /* VocabularySishu */ = {
			isa = PBXGroup;
			children = (
				0073A68715689FB400B80422 /* Libs */,
				0073A68115689DA900B80422 /* Data */,
				00B5A8BE1566886E00D20EB6 /* Img */,
				000B08961553D58E00E7A850 /* Utils */,
				00701E6B1553CE8C00D30018 /* ViewController */,
				00701E641553CC1700D30018 /* Model */,
				00701E401553CBCE00D30018 /* VSAppDelegate.h */,
				00701E411553CBCE00D30018 /* VSAppDelegate.m */,
				00701E431553CBCE00D30018 /* VocabularySishu.xcdatamodeld */,
				00701E381553CBCE00D30018 /* Supporting Files */,
			);
			path = VocabularySishu;
			sourceTree = "<group>";
		};
		00701E381553CBCE00D30018 /* Supporting Files */ = {
			isa = PBXGroup;
			children = (
				00701E391553CBCE00D30018 /* VocabularySishu-Info.plist */,
				00701E3A1553CBCE00D30018 /* InfoPlist.strings */,
				00701E3D1553CBCE00D30018 /* main.m */,
				00701E3F1553CBCE00D30018 /* VocabularySishu-Prefix.pch */,
			);
			name = "Supporting Files";
			sourceTree = "<group>";
		};
		00701E531553CBCE00D30018 /* VocabularySishuTests */ = {
			isa = PBXGroup;
			children = (
				00701E591553CBCE00D30018 /* VocabularySishuTests.h */,
				00701E5A1553CBCE00D30018 /* VocabularySishuTests.m */,
				00701E541553CBCE00D30018 /* Supporting Files */,
			);
			path = VocabularySishuTests;
			sourceTree = "<group>";
		};
		00701E541553CBCE00D30018 /* Supporting Files */ = {
			isa = PBXGroup;
			children = (
				00701E551553CBCE00D30018 /* VocabularySishuTests-Info.plist */,
				00701E561553CBCE00D30018 /* InfoPlist.strings */,
			);
			name = "Supporting Files";
			sourceTree = "<group>";
		};
		00701E641553CC1700D30018 /* Model */ = {
			isa = PBXGroup;
			children = (
				0073A6A31568D03B00B80422 /* Vocabulary.h */,
				0073A6A41568D03B00B80422 /* Vocabulary.m */,
				0073A6A01568D02100B80422 /* List.h */,
				0073A6A11568D02100B80422 /* List.m */,
				0073A69C1568A30900B80422 /* Repository.h */,
				0073A69D1568A30900B80422 /* Repository.m */,
			);
			name = Model;
			sourceTree = "<group>";
		};
		00701E6B1553CE8C00D30018 /* ViewController */ = {
			isa = PBXGroup;
			children = (
				0046407E15590DD2007E5FA9 /* VocabularyView */,
				0046407715590CC8007E5FA9 /* MainView */,
			);
			name = ViewController;
			sourceTree = "<group>";
		};
		0073A68115689DA900B80422 /* Data */ = {
			isa = PBXGroup;
			children = (
				0073A6A61569F0D200B80422 /* Lists.txt */,
				0073A68415689E2200B80422 /* Repos.txt */,
			);
			name = Data;
			sourceTree = "<group>";
		};
		0073A68715689FB400B80422 /* Libs */ = {
			isa = PBXGroup;
			children = (
				0073A6881568A0B200B80422 /* SBJSON */,
			);
			name = Libs;
			sourceTree = "<group>";
		};
		0073A6881568A0B200B80422 /* SBJSON */ = {
			isa = PBXGroup;
			children = (
				0073A6891568A0B200B80422 /* JSON.h */,
				0073A68A1568A0B200B80422 /* NSObject+SBJSON.h */,
				0073A68B1568A0B200B80422 /* NSObject+SBJSON.m */,
				0073A68C1568A0B200B80422 /* NSString+SBJSON.h */,
				0073A68D1568A0B200B80422 /* NSString+SBJSON.m */,
				0073A68E1568A0B200B80422 /* SBJSON.h */,
				0073A68F1568A0B200B80422 /* SBJSON.m */,
				0073A6901568A0B200B80422 /* SBJsonBase.h */,
				0073A6911568A0B200B80422 /* SBJsonBase.m */,
				0073A6921568A0B200B80422 /* SBJsonParser.h */,
				0073A6931568A0B200B80422 /* SBJsonParser.m */,
				0073A6941568A0B200B80422 /* SBJsonWriter.h */,
				0073A6951568A0B200B80422 /* SBJsonWriter.m */,
			);
			name = SBJSON;
			path = Libs/SBJSON;
			sourceTree = "<group>";
		};
		00B5A8BE1566886E00D20EB6 /* Img */ = {
			isa = PBXGroup;
			children = (
				0073A67515688B5100B80422 /* navigationbar.png */,
				00B5A8BF1566889B00D20EB6 /* retina-navigationbar.png */,
			);
			name = Img;
			sourceTree = "<group>";
		};
/* End PBXGroup section */

/* Begin PBXNativeTarget section */
		00701E2A1553CBCE00D30018 /* VocabularySishu */ = {
			isa = PBXNativeTarget;
			buildConfigurationList = 00701E5E1553CBCE00D30018 /* Build configuration list for PBXNativeTarget "VocabularySishu" */;
			buildPhases = (
				00701E271553CBCE00D30018 /* Sources */,
				00701E281553CBCE00D30018 /* Frameworks */,
				00701E291553CBCE00D30018 /* Resources */,
			);
			buildRules = (
			);
			dependencies = (
			);
			name = VocabularySishu;
			productName = VocabularySishu;
			productReference = 00701E2B1553CBCE00D30018 /* VocabularySishu.app */;
			productType = "com.apple.product-type.application";
		};
		00701E4A1553CBCE00D30018 /* VocabularySishuTests */ = {
			isa = PBXNativeTarget;
			buildConfigurationList = 00701E611553CBCE00D30018 /* Build configuration list for PBXNativeTarget "VocabularySishuTests" */;
			buildPhases = (
				00701E461553CBCE00D30018 /* Sources */,
				00701E471553CBCE00D30018 /* Frameworks */,
				00701E481553CBCE00D30018 /* Resources */,
				00701E491553CBCE00D30018 /* ShellScript */,
			);
			buildRules = (
			);
			dependencies = (
				00701E521553CBCE00D30018 /* PBXTargetDependency */,
			);
			name = VocabularySishuTests;
			productName = VocabularySishuTests;
			productReference = 00701E4B1553CBCE00D30018 /* VocabularySishuTests.octest */;
			productType = "com.apple.product-type.bundle";
		};
/* End PBXNativeTarget section */

/* Begin PBXProject section */
		00701E221553CBCE00D30018 /* Project object */ = {
			isa = PBXProject;
			attributes = {
				CLASSPREFIX = VS;
				LastUpgradeCheck = 0430;
				ORGANIZATIONNAME = douban;
			};
			buildConfigurationList = 00701E251553CBCE00D30018 /* Build configuration list for PBXProject "VocabularySishu" */;
			compatibilityVersion = "Xcode 3.2";
			developmentRegion = English;
			hasScannedForEncodings = 0;
			knownRegions = (
				en,
			);
			mainGroup = 00701E201553CBCE00D30018;
			productRefGroup = 00701E2C1553CBCE00D30018 /* Products */;
			projectDirPath = "";
			projectRoot = "";
			targets = (
				00701E2A1553CBCE00D30018 /* VocabularySishu */,
				00701E4A1553CBCE00D30018 /* VocabularySishuTests */,
			);
		};
/* End PBXProject section */

/* Begin PBXResourcesBuildPhase section */
		00701E291553CBCE00D30018 /* Resources */ = {
			isa = PBXResourcesBuildPhase;
			buildActionMask = 2147483647;
			files = (
				00701E3C1553CBCE00D30018 /* InfoPlist.strings in Resources */,
				0046408E155916FA007E5FA9 /* VSMainMenuViewController.xib in Resources */,
				0046409315591FD1007E5FA9 /* VSVocabularyViewController.xib in Resources */,
				00B5A8C01566889B00D20EB6 /* retina-navigationbar.png in Resources */,
				0073A67615688B5100B80422 /* navigationbar.png in Resources */,
				0073A68515689E2200B80422 /* Repos.txt in Resources */,
				0073A6A71569F0D200B80422 /* Lists.txt in Resources */,
			);
			runOnlyForDeploymentPostprocessing = 0;
		};
		00701E481553CBCE00D30018 /* Resources */ = {
			isa = PBXResourcesBuildPhase;
			buildActionMask = 2147483647;
			files = (
				00701E581553CBCE00D30018 /* InfoPlist.strings in Resources */,
				0046408315590E0B007E5FA9 /* VSVocabularyViewController.xib in Resources */,
			);
			runOnlyForDeploymentPostprocessing = 0;
		};
/* End PBXResourcesBuildPhase section */

/* Begin PBXShellScriptBuildPhase section */
		00701E491553CBCE00D30018 /* ShellScript */ = {
			isa = PBXShellScriptBuildPhase;
			buildActionMask = 2147483647;
			files = (
			);
			inputPaths = (
			);
			outputPaths = (
			);
			runOnlyForDeploymentPostprocessing = 0;
			shellPath = /bin/sh;
			shellScript = "# Run the unit tests in this test bundle.\n\"${SYSTEM_DEVELOPER_DIR}/Tools/RunUnitTests\"\n";
		};
/* End PBXShellScriptBuildPhase section */

/* Begin PBXSourcesBuildPhase section */
		00701E271553CBCE00D30018 /* Sources */ = {
			isa = PBXSourcesBuildPhase;
			buildActionMask = 2147483647;
			files = (
				00701E3E1553CBCE00D30018 /* main.m in Sources */,
				00701E421553CBCE00D30018 /* VSAppDelegate.m in Sources */,
				00701E451553CBCE00D30018 /* VocabularySishu.xcdatamodeld in Sources */,
				0046408415591251007E5FA9 /* VSVocabularyViewController.m in Sources */,
				0046408D155916FA007E5FA9 /* VSMainMenuViewController.m in Sources */,
				0046409115591DBD007E5FA9 /* VSUtils.m in Sources */,
				0073A67915688F2800B80422 /* VSDataUtil.m in Sources */,
				0073A6961568A0B200B80422 /* NSObject+SBJSON.m in Sources */,
				0073A6971568A0B200B80422 /* NSString+SBJSON.m in Sources */,
				0073A6981568A0B200B80422 /* SBJSON.m in Sources */,
				0073A6991568A0B200B80422 /* SBJsonBase.m in Sources */,
				0073A69A1568A0B200B80422 /* SBJsonParser.m in Sources */,
				0073A69B1568A0B200B80422 /* SBJsonWriter.m in Sources */,
				0073A69E1568A30900B80422 /* Repository.m in Sources */,
				0073A6A21568D02100B80422 /* List.m in Sources */,
				0073A6A51568D03B00B80422 /* Vocabulary.m in Sources */,
			);
			runOnlyForDeploymentPostprocessing = 0;
		};
		00701E461553CBCE00D30018 /* Sources */ = {
			isa = PBXSourcesBuildPhase;
			buildActionMask = 2147483647;
			files = (
				00701E5B1553CBCE00D30018 /* VocabularySishuTests.m in Sources */,
				0046408215590E0B007E5FA9 /* VSVocabularyViewController.m in Sources */,
				0046409215591DBD007E5FA9 /* VSUtils.m in Sources */,
			);
			runOnlyForDeploymentPostprocessing = 0;
		};
/* End PBXSourcesBuildPhase section */

/* Begin PBXTargetDependency section */
		00701E521553CBCE00D30018 /* PBXTargetDependency */ = {
			isa = PBXTargetDependency;
			target = 00701E2A1553CBCE00D30018 /* VocabularySishu */;
			targetProxy = 00701E511553CBCE00D30018 /* PBXContainerItemProxy */;
		};
/* End PBXTargetDependency section */

/* Begin PBXVariantGroup section */
		00701E3A1553CBCE00D30018 /* InfoPlist.strings */ = {
			isa = PBXVariantGroup;
			children = (
				00701E3B1553CBCE00D30018 /* en */,
			);
			name = InfoPlist.strings;
			sourceTree = "<group>";
		};
		00701E561553CBCE00D30018 /* InfoPlist.strings */ = {
			isa = PBXVariantGroup;
			children = (
				00701E571553CBCE00D30018 /* en */,
			);
			name = InfoPlist.strings;
			sourceTree = "<group>";
		};
/* End PBXVariantGroup section */

/* Begin XCBuildConfiguration section */
		00701E5C1553CBCE00D30018 /* Debug */ = {
			isa = XCBuildConfiguration;
			buildSettings = {
				ALWAYS_SEARCH_USER_PATHS = NO;
				ARCHS = "$(ARCHS_STANDARD_32_BIT)";
				CLANG_ENABLE_OBJC_ARC = YES;
				"CODE_SIGN_IDENTITY[sdk=iphoneos*]" = "iPhone Developer";
				COPY_PHASE_STRIP = NO;
				GCC_C_LANGUAGE_STANDARD = gnu99;
				GCC_DYNAMIC_NO_PIC = NO;
				GCC_OPTIMIZATION_LEVEL = 0;
				GCC_PREPROCESSOR_DEFINITIONS = (
					"DEBUG=1",
					"$(inherited)",
				);
				GCC_SYMBOLS_PRIVATE_EXTERN = NO;
				GCC_VERSION = com.apple.compilers.llvm.clang.1_0;
				GCC_WARN_ABOUT_RETURN_TYPE = YES;
				GCC_WARN_UNINITIALIZED_AUTOS = YES;
				GCC_WARN_UNUSED_VARIABLE = YES;
				IPHONEOS_DEPLOYMENT_TARGET = 5.1;
				SDKROOT = iphoneos;
			};
			name = Debug;
		};
		00701E5D1553CBCE00D30018 /* Release */ = {
			isa = XCBuildConfiguration;
			buildSettings = {
				ALWAYS_SEARCH_USER_PATHS = NO;
				ARCHS = "$(ARCHS_STANDARD_32_BIT)";
				CLANG_ENABLE_OBJC_ARC = YES;
				"CODE_SIGN_IDENTITY[sdk=iphoneos*]" = "iPhone Developer";
				COPY_PHASE_STRIP = YES;
				GCC_C_LANGUAGE_STANDARD = gnu99;
				GCC_VERSION = com.apple.compilers.llvm.clang.1_0;
				GCC_WARN_ABOUT_RETURN_TYPE = YES;
				GCC_WARN_UNINITIALIZED_AUTOS = YES;
				GCC_WARN_UNUSED_VARIABLE = YES;
				IPHONEOS_DEPLOYMENT_TARGET = 5.1;
				OTHER_CFLAGS = "-DNS_BLOCK_ASSERTIONS=1";
				SDKROOT = iphoneos;
				VALIDATE_PRODUCT = YES;
			};
			name = Release;
		};
		00701E5F1553CBCE00D30018 /* Debug */ = {
			isa = XCBuildConfiguration;
			buildSettings = {
				GCC_PRECOMPILE_PREFIX_HEADER = YES;
				GCC_PREFIX_HEADER = "VocabularySishu/VocabularySishu-Prefix.pch";
				INFOPLIST_FILE = "VocabularySishu/VocabularySishu-Info.plist";
				PRODUCT_NAME = "$(TARGET_NAME)";
				WRAPPER_EXTENSION = app;
			};
			name = Debug;
		};
		00701E601553CBCE00D30018 /* Release */ = {
			isa = XCBuildConfiguration;
			buildSettings = {
				GCC_PRECOMPILE_PREFIX_HEADER = YES;
				GCC_PREFIX_HEADER = "VocabularySishu/VocabularySishu-Prefix.pch";
				INFOPLIST_FILE = "VocabularySishu/VocabularySishu-Info.plist";
				PRODUCT_NAME = "$(TARGET_NAME)";
				WRAPPER_EXTENSION = app;
			};
			name = Release;
		};
		00701E621553CBCE00D30018 /* Debug */ = {
			isa = XCBuildConfiguration;
			buildSettings = {
				BUNDLE_LOADER = "$(BUILT_PRODUCTS_DIR)/VocabularySishu.app/VocabularySishu";
				FRAMEWORK_SEARCH_PATHS = (
					"$(SDKROOT)/Developer/Library/Frameworks",
					"$(DEVELOPER_LIBRARY_DIR)/Frameworks",
				);
				GCC_PRECOMPILE_PREFIX_HEADER = YES;
				GCC_PREFIX_HEADER = "VocabularySishu/VocabularySishu-Prefix.pch";
				INFOPLIST_FILE = "VocabularySishuTests/VocabularySishuTests-Info.plist";
				PRODUCT_NAME = "$(TARGET_NAME)";
				TEST_HOST = "$(BUNDLE_LOADER)";
				WRAPPER_EXTENSION = octest;
			};
			name = Debug;
		};
		00701E631553CBCE00D30018 /* Release */ = {
			isa = XCBuildConfiguration;
			buildSettings = {
				BUNDLE_LOADER = "$(BUILT_PRODUCTS_DIR)/VocabularySishu.app/VocabularySishu";
				FRAMEWORK_SEARCH_PATHS = (
					"$(SDKROOT)/Developer/Library/Frameworks",
					"$(DEVELOPER_LIBRARY_DIR)/Frameworks",
				);
				GCC_PRECOMPILE_PREFIX_HEADER = YES;
				GCC_PREFIX_HEADER = "VocabularySishu/VocabularySishu-Prefix.pch";
				INFOPLIST_FILE = "VocabularySishuTests/VocabularySishuTests-Info.plist";
				PRODUCT_NAME = "$(TARGET_NAME)";
				TEST_HOST = "$(BUNDLE_LOADER)";
				WRAPPER_EXTENSION = octest;
			};
			name = Release;
		};
/* End XCBuildConfiguration section */

/* Begin XCConfigurationList section */
		00701E251553CBCE00D30018 /* Build configuration list for PBXProject "VocabularySishu" */ = {
			isa = XCConfigurationList;
			buildConfigurations = (
				00701E5C1553CBCE00D30018 /* Debug */,
				00701E5D1553CBCE00D30018 /* Release */,
			);
			defaultConfigurationIsVisible = 0;
			defaultConfigurationName = Release;
		};
		00701E5E1553CBCE00D30018 /* Build configuration list for PBXNativeTarget "VocabularySishu" */ = {
			isa = XCConfigurationList;
			buildConfigurations = (
				00701E5F1553CBCE00D30018 /* Debug */,
				00701E601553CBCE00D30018 /* Release */,
			);
			defaultConfigurationIsVisible = 0;
			defaultConfigurationName = Release;
		};
		00701E611553CBCE00D30018 /* Build configuration list for PBXNativeTarget "VocabularySishuTests" */ = {
			isa = XCConfigurationList;
			buildConfigurations = (
				00701E621553CBCE00D30018 /* Debug */,
				00701E631553CBCE00D30018 /* Release */,
			);
			defaultConfigurationIsVisible = 0;
			defaultConfigurationName = Release;
		};
/* End XCConfigurationList section */

/* Begin XCVersionGroup section */
		00701E431553CBCE00D30018 /* VocabularySishu.xcdatamodeld */ = {
			isa = XCVersionGroup;
			children = (
				00701E441553CBCE00D30018 /* VocabularySishu.xcdatamodel */,
			);
			currentVersion = 00701E441553CBCE00D30018 /* VocabularySishu.xcdatamodel */;
			path = VocabularySishu.xcdatamodeld;
			sourceTree = "<group>";
			versionGroupType = wrapper.xcdatamodel;
		};
/* End XCVersionGroup section */
	};
	rootObject = 00701E221553CBCE00D30018 /* Project object */;
}
